
Microsoft Visual Studio Solution File, Format Version 12.00
# Visual Studio Version 16
VisualStudioVersion = 16.0.30128.74
MinimumVisualStudioVersion = 10.0.40219.1
Project("{9A19103F-16F7-4668-BE54-9A1E7A4F7556}") = "xUnitMoqDemoApp", "xUnitMoqDemoApp.csproj", "{75797021-7FC5-4398-A261-B5850E89231B}"
EndProject
Project("{FAE04EC0-301F-11D3-BF4B-00C04F79EFBC}") = "XUnitTestProjectExample", "..\XUnitTestProjectExample\XUnitTestProjectExample.csproj", "{AE4B6DD4-68DC-4022-93F6-A32349F9D10C}"
EndProject
Global
	GlobalSection(SolutionConfigurationPlatforms) = preSolution
		Debug|Any CPU = Debug|Any CPU
		Release|Any CPU = Release|Any CPU
	EndGlobalSection
	GlobalSection(ProjectConfigurationPlatforms) = postSolution
		{75797021-7FC5-4398-A261-B5850E89231B}.Debug|Any CPU.ActiveCfg = Debug|Any CPU
		{75797021-7FC5-4398-A261-B5850E89231B}.Debug|Any CPU.Build.0 = Debug|Any CPU
		{75797021-7FC5-4398-A261-B5850E89231B}.Release|Any CPU.ActiveCfg = Release|Any CPU
		{75797021-7FC5-4398-A261-B5850E89231B}.Release|Any CPU.Build.0 = Release|Any CPU
		{AE4B6DD4-68DC-4022-93F6-A32349F9D10C}.Debug|Any CPU.ActiveCfg = Debug|Any CPU
		{AE4B6DD4-68DC-4022-93F6-A32349F9D10C}.Debug|Any CPU.Build.0 = Debug|Any CPU
		{AE4B6DD4-68DC-4022-93F6-A32349F9D10C}.Release|Any CPU.ActiveCfg = Release|Any CPU
		{AE4B6DD4-68DC-4022-93F6-A32349F9D10C}.Release|Any CPU.Build.0 = Release|Any CPU
	EndGlobalSection
	GlobalSection(SolutionProperties) = preSolution
		HideSolutionNode = FALSE
	EndGlobalSection
	GlobalSection(ExtensibilityGlobals) = postSolution
		SolutionGuid = {41FA8756-02D9-43C8-9511-FAF159FB8E14}
	EndGlobalSection
EndGlobal
